
Microsoft Visual Studio Solution File, Format Version 12.00
# Visual Studio Version 16
VisualStudioVersion = 16.0.29306.81
MinimumVisualStudioVersion = 10.0.40219.1
Project("{FAE04EC0-301F-11D3-BF4B-00C04F79EFBC}") = "Navjotkaur_741037_Assignment2_part4", "Navjotkaur_741037_Assignment2_part4\Navjotkaur_741037_Assignment2_part4.csproj", "{C03A1874-9DD1-40C0-B48C-3E5F12321BBE}"
EndProject
Global
	GlobalSection(SolutionConfigurationPlatforms) = preSolution
		Debug|Any CPU = Debug|Any CPU
		Release|Any CPU = Release|Any CPU
	EndGlobalSection
	GlobalSection(ProjectConfigurationPlatforms) = postSolution
		{C03A1874-9DD1-40C0-B48C-3E5F12321BBE}.Debug|Any CPU.ActiveCfg = Debug|Any CPU
		{C03A1874-9DD1-40C0-B48C-3E5F12321BBE}.Debug|Any CPU.Build.0 = Debug|Any CPU
		{C03A1874-9DD1-40C0-B48C-3E5F12321BBE}.Release|Any CPU.ActiveCfg = Release|Any CPU
		{C03A1874-9DD1-40C0-B48C-3E5F12321BBE}.Release|Any CPU.Build.0 = Release|Any CPU
	EndGlobalSection
	GlobalSection(SolutionProperties) = preSolution
		HideSolutionNode = FALSE
	EndGlobalSection
	GlobalSection(ExtensibilityGlobals) = postSolution
		SolutionGuid = {C90DF690-9BAA-47AF-ADD7-1DD7021C32CB}
	EndGlobalSection
EndGlobal
